
Microsoft Visual Studio Solution File, Format Version 12.00
# Visual Studio Version 17
VisualStudioVersion = 17.5.33627.172
MinimumVisualStudioVersion = 10.0.40219.1
Project("{9A19103F-16F7-4668-BE54-9A1E7A4F7556}") = "ToDoList", "ToDoList\ToDoList.csproj", "{E5C34F0B-4B92-4C89-BA37-C92B52166868}"
EndProject
Project("{2150E333-8FDC-42A3-9474-1A3956D46DE8}") = "Domain", "Domain", "{171190CE-FAF4-4AC5-8B5A-0A37F00731FD}"
EndProject
Project("{9A19103F-16F7-4668-BE54-9A1E7A4F7556}") = "ToDoList.Domain", "ToDoList.Domain\ToDoList.Domain.csproj", "{A49AFDDF-5DA3-4983-BA39-3602833CF20E}"
EndProject
Project("{2150E333-8FDC-42A3-9474-1A3956D46DE8}") = "DAL", "DAL", "{27047958-BF3E-4FE5-98C8-0B7BB646C07D}"
EndProject
Project("{9A19103F-16F7-4668-BE54-9A1E7A4F7556}") = "ToDoListDAL", "ToDoListDAL\ToDoListDAL.csproj", "{CAB29EDA-6D3A-4CAF-A652-ECDCC1D5C722}"
EndProject
Project("{2150E333-8FDC-42A3-9474-1A3956D46DE8}") = "Service", "Service", "{E5D57247-B30A-4B79-9B01-7434AA759782}"
EndProject
Project("{FAE04EC0-301F-11D3-BF4B-00C04F79EFBC}") = "ToDoList.Service", "ToDoList.Service\ToDoList.Service.csproj", "{61647577-B831-45CB-B6E0-E669EDA1F1B5}"
EndProject
Global
	GlobalSection(SolutionConfigurationPlatforms) = preSolution
		Debug|Any CPU = Debug|Any CPU
		Release|Any CPU = Release|Any CPU
	EndGlobalSection
	GlobalSection(ProjectConfigurationPlatforms) = postSolution
		{E5C34F0B-4B92-4C89-BA37-C92B52166868}.Debug|Any CPU.ActiveCfg = Debug|Any CPU
		{E5C34F0B-4B92-4C89-BA37-C92B52166868}.Debug|Any CPU.Build.0 = Debug|Any CPU
		{E5C34F0B-4B92-4C89-BA37-C92B52166868}.Release|Any CPU.ActiveCfg = Release|Any CPU
		{E5C34F0B-4B92-4C89-BA37-C92B52166868}.Release|Any CPU.Build.0 = Release|Any CPU
		{A49AFDDF-5DA3-4983-BA39-3602833CF20E}.Debug|Any CPU.ActiveCfg = Debug|Any CPU
		{A49AFDDF-5DA3-4983-BA39-3602833CF20E}.Debug|Any CPU.Build.0 = Debug|Any CPU
		{A49AFDDF-5DA3-4983-BA39-3602833CF20E}.Release|Any CPU.ActiveCfg = Release|Any CPU
		{A49AFDDF-5DA3-4983-BA39-3602833CF20E}.Release|Any CPU.Build.0 = Release|Any CPU
		{CAB29EDA-6D3A-4CAF-A652-ECDCC1D5C722}.Debug|Any CPU.ActiveCfg = Debug|Any CPU
		{CAB29EDA-6D3A-4CAF-A652-ECDCC1D5C722}.Debug|Any CPU.Build.0 = Debug|Any CPU
		{CAB29EDA-6D3A-4CAF-A652-ECDCC1D5C722}.Release|Any CPU.ActiveCfg = Release|Any CPU
		{CAB29EDA-6D3A-4CAF-A652-ECDCC1D5C722}.Release|Any CPU.Build.0 = Release|Any CPU
		{61647577-B831-45CB-B6E0-E669EDA1F1B5}.Debug|Any CPU.ActiveCfg = Debug|Any CPU
		{61647577-B831-45CB-B6E0-E669EDA1F1B5}.Debug|Any CPU.Build.0 = Debug|Any CPU
		{61647577-B831-45CB-B6E0-E669EDA1F1B5}.Release|Any CPU.ActiveCfg = Release|Any CPU
		{61647577-B831-45CB-B6E0-E669EDA1F1B5}.Release|Any CPU.Build.0 = Release|Any CPU
	EndGlobalSection
	GlobalSection(SolutionProperties) = preSolution
		HideSolutionNode = FALSE
	EndGlobalSection
	GlobalSection(NestedProjects) = preSolution
		{A49AFDDF-5DA3-4983-BA39-3602833CF20E} = {171190CE-FAF4-4AC5-8B5A-0A37F00731FD}
		{CAB29EDA-6D3A-4CAF-A652-ECDCC1D5C722} = {27047958-BF3E-4FE5-98C8-0B7BB646C07D}
		{61647577-B831-45CB-B6E0-E669EDA1F1B5} = {E5D57247-B30A-4B79-9B01-7434AA759782}
	EndGlobalSection
	GlobalSection(ExtensibilityGlobals) = postSolution
		SolutionGuid = {06765FDB-38AC-4AD8-9ED5-551D4C0980DB}
	EndGlobalSection
EndGlobal
